
Microsoft Visual Studio Solution File, Format Version 12.00
# Visual Studio Version 16
VisualStudioVersion = 16.0.30717.126
MinimumVisualStudioVersion = 10.0.40219.1
Project("{FAE04EC0-301F-11D3-BF4B-00C04F79EFBC}") = "CalgaryOS", "CalgaryOS\CalgaryOS.csproj", "{30AD7311-CB44-45E9-896C-F95D3729BE90}"
EndProject
Global
	GlobalSection(SolutionConfigurationPlatforms) = preSolution
		Debug|Any CPU = Debug|Any CPU
		Release|Any CPU = Release|Any CPU
	EndGlobalSection
	GlobalSection(ProjectConfigurationPlatforms) = postSolution
		{30AD7311-CB44-45E9-896C-F95D3729BE90}.Debug|Any CPU.ActiveCfg = Debug|Any CPU
		{30AD7311-CB44-45E9-896C-F95D3729BE90}.Debug|Any CPU.Build.0 = Debug|Any CPU
		{30AD7311-CB44-45E9-896C-F95D3729BE90}.Release|Any CPU.ActiveCfg = Release|Any CPU
		{30AD7311-CB44-45E9-896C-F95D3729BE90}.Release|Any CPU.Build.0 = Release|Any CPU
	EndGlobalSection
	GlobalSection(SolutionProperties) = preSolution
		HideSolutionNode = FALSE
	EndGlobalSection
	GlobalSection(ExtensibilityGlobals) = postSolution
		SolutionGuid = {45249161-B871-4BD1-8118-62DB1B6DF660}
	EndGlobalSection
EndGlobal
